{
    "_meta": {
        "hash": {
            "sha256": "4d6688ded5f0b6510fb7b90640b3527b3c8df1297cd9c71abdf2a6819d4c6924"
        },
        "pipfile-spec": 6,
        "requires": {
            "python_version": "3.8"
        },
        "sources": [
            {
                "name": "pypi",
                "url": "https://pypi.org/simple",
                "verify_ssl": true
            }
        ]
    },
    "default": {
        "django-crispy-forms": {
            "hashes": [
                "sha256:35887b8851a931374dd697207a8f56c57a9c5cb9dbf0b9fa54314da5666cea5b",
                "sha256:bc4d2037f6de602d39c0bc452ac3029d1f5d65e88458872cc4dbc01c3a400604"
            ],
            "index": "pypi",
            "version": "==1.14.0"
        },
        "django-email-users": {
            "hashes": [
                "sha256:7d0759947a5013913890328b95d1defe91531620fa9089bab3f73c2616b87f32",
                "sha256:97d14c8429a5ecb0b239acbf35f53f7de61850d1f2ace1ce01740a55b9029d99"
            ],
            "index": "pypi",
            "version": "==1.1.0"
        }
    },
    "develop": {}
}
